
Microsoft Visual Studio Solution File, Format Version 12.00
# Visual Studio Version 16
VisualStudioVersion = 16.0.30011.22
MinimumVisualStudioVersion = 10.0.40219.1
Project("{FAE04EC0-301F-11D3-BF4B-00C04F79EFBC}") = "VehicleSystem.Core", "VehicleSystem.Core\VehicleSystem.Core.csproj", "{B9A28378-BF28-4C41-AF32-5436BD1D47CE}"
EndProject
Project("{FAE04EC0-301F-11D3-BF4B-00C04F79EFBC}") = "VehicleSystem.Api", "VehicleSystem.Api\VehicleSystem.Api.csproj", "{A1977BCF-99AF-4EBD-80FC-1BAD94B1C531}"
EndProject
Global
	GlobalSection(SolutionConfigurationPlatforms) = preSolution
		Debug|Any CPU = Debug|Any CPU
		Release|Any CPU = Release|Any CPU
	EndGlobalSection
	GlobalSection(ProjectConfigurationPlatforms) = postSolution
		{B9A28378-BF28-4C41-AF32-5436BD1D47CE}.Debug|Any CPU.ActiveCfg = Debug|Any CPU
		{B9A28378-BF28-4C41-AF32-5436BD1D47CE}.Debug|Any CPU.Build.0 = Debug|Any CPU
		{B9A28378-BF28-4C41-AF32-5436BD1D47CE}.Release|Any CPU.ActiveCfg = Release|Any CPU
		{B9A28378-BF28-4C41-AF32-5436BD1D47CE}.Release|Any CPU.Build.0 = Release|Any CPU
		{A1977BCF-99AF-4EBD-80FC-1BAD94B1C531}.Debug|Any CPU.ActiveCfg = Debug|Any CPU
		{A1977BCF-99AF-4EBD-80FC-1BAD94B1C531}.Debug|Any CPU.Build.0 = Debug|Any CPU
		{A1977BCF-99AF-4EBD-80FC-1BAD94B1C531}.Release|Any CPU.ActiveCfg = Release|Any CPU
		{A1977BCF-99AF-4EBD-80FC-1BAD94B1C531}.Release|Any CPU.Build.0 = Release|Any CPU
	EndGlobalSection
	GlobalSection(SolutionProperties) = preSolution
		HideSolutionNode = FALSE
	EndGlobalSection
	GlobalSection(ExtensibilityGlobals) = postSolution
		SolutionGuid = {C53F9E5C-876B-4C0C-97E1-1A05A37EFA67}
	EndGlobalSection
EndGlobal
